
Microsoft Visual Studio Solution File, Format Version 12.00
# Visual Studio Version 17
VisualStudioVersion = 17.2.32519.379
MinimumVisualStudioVersion = 10.0.40219.1
Project("{FAE04EC0-301F-11D3-BF4B-00C04F79EFBC}") = "WeatherApp", "WeatherApp.csproj", "{47BFFBEC-4EF6-419E-B54B-DF27C0F2DE82}"
EndProject
Global
	GlobalSection(SolutionConfigurationPlatforms) = preSolution
		Debug|Any CPU = Debug|Any CPU
		Release|Any CPU = Release|Any CPU
	EndGlobalSection
	GlobalSection(ProjectConfigurationPlatforms) = postSolution
		{47BFFBEC-4EF6-419E-B54B-DF27C0F2DE82}.Debug|Any CPU.ActiveCfg = Debug|Any CPU
		{47BFFBEC-4EF6-419E-B54B-DF27C0F2DE82}.Debug|Any CPU.Build.0 = Debug|Any CPU
		{47BFFBEC-4EF6-419E-B54B-DF27C0F2DE82}.Release|Any CPU.ActiveCfg = Release|Any CPU
		{47BFFBEC-4EF6-419E-B54B-DF27C0F2DE82}.Release|Any CPU.Build.0 = Release|Any CPU
	EndGlobalSection
	GlobalSection(SolutionProperties) = preSolution
		HideSolutionNode = FALSE
	EndGlobalSection
	GlobalSection(ExtensibilityGlobals) = postSolution
		SolutionGuid = {FAD73E63-6F61-4381-B899-18835D70C664}
	EndGlobalSection
EndGlobal
